// !$*UTF8*$!
{
	archiveVersion = 1;
	classes = {
	};
	objectVersion = 46;
	objects = {

/* Begin PBXBuildFile section */
		009EA83815B878D200609EC2 /* UIKit.framework in Frameworks */ = {isa = PBXBuildFile; fileRef = 009EA83715B878D200609EC2 /* UIKit.framework */; };
		009EA83A15B878D200609EC2 /* Foundation.framework in Frameworks */ = {isa = PBXBuildFile; fileRef = 009EA83915B878D200609EC2 /* Foundation.framework */; };
		009EA83C15B878D200609EC2 /* CoreGraphics.framework in Frameworks */ = {isa = PBXBuildFile; fileRef = 009EA83B15B878D200609EC2 /* CoreGraphics.framework */; };
		009EA84215B878D200609EC2 /* InfoPlist.strings in Resources */ = {isa = PBXBuildFile; fileRef = 009EA84015B878D200609EC2 /* InfoPlist.strings */; };
		009EA84415B878D200609EC2 /* main.m in Sources */ = {isa = PBXBuildFile; fileRef = 009EA84315B878D200609EC2 /* main.m */; };
		009EA84815B878D200609EC2 /* AppDelegate.m in Sources */ = {isa = PBXBuildFile; fileRef = 009EA84715B878D200609EC2 /* AppDelegate.m */; };
		009EA84B15B878D200609EC2 /* ViewController.m in Sources */ = {isa = PBXBuildFile; fileRef = 009EA84A15B878D200609EC2 /* ViewController.m */; };
		009EA84E15B878D200609EC2 /* ViewController_iPhone.xib in Resources */ = {isa = PBXBuildFile; fileRef = 009EA84C15B878D200609EC2 /* ViewController_iPhone.xib */; };
		009EA85115B878D200609EC2 /* ViewController_iPad.xib in Resources */ = {isa = PBXBuildFile; fileRef = 009EA84F15B878D200609EC2 /* ViewController_iPad.xib */; };
		009EA85F15B8803300609EC2 /* UserDetailsViewController.m in Sources */ = {isa = PBXBuildFile; fileRef = 009EA85D15B8803300609EC2 /* UserDetailsViewController.m */; };
		009EA86015B8803300609EC2 /* UserDetailsViewController_iPhone.xib in Resources */ = {isa = PBXBuildFile; fileRef = 009EA85E15B8803300609EC2 /* UserDetailsViewController_iPhone.xib */; };
/* End PBXBuildFile section */

/* Begin PBXFileReference section */
		007C1AE915C9E2730017816D /* Constants.h */ = {isa = PBXFileReference; lastKnownFileType = sourcecode.c.h; path = Constants.h; sourceTree = "<group>"; };
		009EA83315B878D200609EC2 /* DeathClock.app */ = {isa = PBXFileReference; explicitFileType = wrapper.application; includeInIndex = 0; path = DeathClock.app; sourceTree = BUILT_PRODUCTS_DIR; };
		009EA83715B878D200609EC2 /* UIKit.framework */ = {isa = PBXFileReference; lastKnownFileType = wrapper.framework; name = UIKit.framework; path = System/Library/Frameworks/UIKit.framework; sourceTree = SDKROOT; };
		009EA83915B878D200609EC2 /* Foundation.framework */ = {isa = PBXFileReference; lastKnownFileType = wrapper.framework; name = Foundation.framework; path = System/Library/Frameworks/Foundation.framework; sourceTree = SDKROOT; };
		009EA83B15B878D200609EC2 /* CoreGraphics.framework */ = {isa = PBXFileReference; lastKnownFileType = wrapper.framework; name = CoreGraphics.framework; path = System/Library/Frameworks/CoreGraphics.framework; sourceTree = SDKROOT; };
		009EA83F15B878D200609EC2 /* DeathClock-Info.plist */ = {isa = PBXFileReference; lastKnownFileType = text.plist.xml; path = "DeathClock-Info.plist"; sourceTree = "<group>"; };
		009EA84115B878D200609EC2 /* en */ = {isa = PBXFileReference; lastKnownFileType = text.plist.strings; name = en; path = en.lproj/InfoPlist.strings; sourceTree = "<group>"; };
		009EA84315B878D200609EC2 /* main.m */ = {isa = PBXFileReference; lastKnownFileType = sourcecode.c.objc; path = main.m; sourceTree = "<group>"; };
		009EA84515B878D200609EC2 /* DeathClock-Prefix.pch */ = {isa = PBXFileReference; lastKnownFileType = sourcecode.c.h; path = "DeathClock-Prefix.pch"; sourceTree = "<group>"; };
		009EA84615B878D200609EC2 /* AppDelegate.h */ = {isa = PBXFileReference; lastKnownFileType = sourcecode.c.h; path = AppDelegate.h; sourceTree = "<group>"; };
		009EA84715B878D200609EC2 /* AppDelegate.m */ = {isa = PBXFileReference; lastKnownFileType = sourcecode.c.objc; path = AppDelegate.m; sourceTree = "<group>"; };
		009EA84915B878D200609EC2 /* ViewController.h */ = {isa = PBXFileReference; lastKnownFileType = sourcecode.c.h; path = ViewController.h; sourceTree = "<group>"; };
		009EA84A15B878D200609EC2 /* ViewController.m */ = {isa = PBXFileReference; lastKnownFileType = sourcecode.c.objc; path = ViewController.m; sourceTree = "<group>"; };
		009EA84D15B878D200609EC2 /* en */ = {isa = PBXFileReference; lastKnownFileType = file.xib; name = en; path = en.lproj/ViewController_iPhone.xib; sourceTree = "<group>"; };
		009EA85015B878D200609EC2 /* en */ = {isa = PBXFileReference; lastKnownFileType = file.xib; name = en; path = en.lproj/ViewController_iPad.xib; sourceTree = "<group>"; };
		009EA85C15B8803300609EC2 /* UserDetailsViewController.h */ = {isa = PBXFileReference; fileEncoding = 4; lastKnownFileType = sourcecode.c.h; path = UserDetailsViewController.h; sourceTree = "<group>"; };
		009EA85D15B8803300609EC2 /* UserDetailsViewController.m */ = {isa = PBXFileReference; fileEncoding = 4; lastKnownFileType = sourcecode.c.objc; path = UserDetailsViewController.m; sourceTree = "<group>"; };
		009EA85E15B8803300609EC2 /* UserDetailsViewController_iPhone.xib */ = {isa = PBXFileReference; fileEncoding = 4; lastKnownFileType = file.xib; path = UserDetailsViewController_iPhone.xib; sourceTree = "<group>"; };
/* End PBXFileReference section */

/* Begin PBXFrameworksBuildPhase section */
		009EA83015B878D200609EC2 /* Frameworks */ = {
			isa = PBXFrameworksBuildPhase;
			buildActionMask = 2147483647;
			files = (
				009EA83815B878D200609EC2 /* UIKit.framework in Frameworks */,
				009EA83A15B878D200609EC2 /* Foundation.framework in Frameworks */,
				009EA83C15B878D200609EC2 /* CoreGraphics.framework in Frameworks */,
			);
			runOnlyForDeploymentPostprocessing = 0;
		};
/* End PBXFrameworksBuildPhase section */

/* Begin PBXGroup section */
		009EA82815B878D100609EC2 = {
			isa = PBXGroup;
			children = (
				009EA83D15B878D200609EC2 /* DeathClock */,
				009EA83615B878D200609EC2 /* Frameworks */,
				009EA83415B878D200609EC2 /* Products */,
			);
			sourceTree = "<group>";
		};
		009EA83415B878D200609EC2 /* Products */ = {
			isa = PBXGroup;
			children = (
				009EA83315B878D200609EC2 /* DeathClock.app */,
			);
			name = Products;
			sourceTree = "<group>";
		};
		009EA83615B878D200609EC2 /* Frameworks */ = {
			isa = PBXGroup;
			children = (
				009EA83715B878D200609EC2 /* UIKit.framework */,
				009EA83915B878D200609EC2 /* Foundation.framework */,
				009EA83B15B878D200609EC2 /* CoreGraphics.framework */,
			);
			name = Frameworks;
			sourceTree = "<group>";
		};
		009EA83D15B878D200609EC2 /* DeathClock */ = {
			isa = PBXGroup;
			children = (
				009EA84615B878D200609EC2 /* AppDelegate.h */,
				009EA84715B878D200609EC2 /* AppDelegate.m */,
				009EA84915B878D200609EC2 /* ViewController.h */,
				009EA84A15B878D200609EC2 /* ViewController.m */,
				009EA84C15B878D200609EC2 /* ViewController_iPhone.xib */,
				009EA84F15B878D200609EC2 /* ViewController_iPad.xib */,
				009EA85C15B8803300609EC2 /* UserDetailsViewController.h */,
				009EA85D15B8803300609EC2 /* UserDetailsViewController.m */,
				009EA85E15B8803300609EC2 /* UserDetailsViewController_iPhone.xib */,
				007C1AE915C9E2730017816D /* Constants.h */,
				009EA83E15B878D200609EC2 /* Supporting Files */,
			);
			path = DeathClock;
			sourceTree = "<group>";
		};
		009EA83E15B878D200609EC2 /* Supporting Files */ = {
			isa = PBXGroup;
			children = (
				009EA83F15B878D200609EC2 /* DeathClock-Info.plist */,
				009EA84015B878D200609EC2 /* InfoPlist.strings */,
				009EA84315B878D200609EC2 /* main.m */,
				009EA84515B878D200609EC2 /* DeathClock-Prefix.pch */,
			);
			name = "Supporting Files";
			sourceTree = "<group>";
		};
/* End PBXGroup section */

/* Begin PBXNativeTarget section */
		009EA83215B878D200609EC2 /* DeathClock */ = {
			isa = PBXNativeTarget;
			buildConfigurationList = 009EA85415B878D200609EC2 /* Build configuration list for PBXNativeTarget "DeathClock" */;
			buildPhases = (
				009EA82F15B878D200609EC2 /* Sources */,
				009EA83015B878D200609EC2 /* Frameworks */,
				009EA83115B878D200609EC2 /* Resources */,
			);
			buildRules = (
			);
			dependencies = (
			);
			name = DeathClock;
			productName = DeathClock;
			productReference = 009EA83315B878D200609EC2 /* DeathClock.app */;
			productType = "com.apple.product-type.application";
		};
/* End PBXNativeTarget section */

/* Begin PBXProject section */
		009EA82A15B878D100609EC2 /* Project object */ = {
			isa = PBXProject;
			attributes = {
				LastUpgradeCheck = 0430;
			};
			buildConfigurationList = 009EA82D15B878D100609EC2 /* Build configuration list for PBXProject "DeathClock" */;
			compatibilityVersion = "Xcode 3.2";
			developmentRegion = English;
			hasScannedForEncodings = 0;
			knownRegions = (
				en,
			);
			mainGroup = 009EA82815B878D100609EC2;
			productRefGroup = 009EA83415B878D200609EC2 /* Products */;
			projectDirPath = "";
			projectRoot = "";
			targets = (
				009EA83215B878D200609EC2 /* DeathClock */,
			);
		};
/* End PBXProject section */

/* Begin PBXResourcesBuildPhase section */
		009EA83115B878D200609EC2 /* Resources */ = {
			isa = PBXResourcesBuildPhase;
			buildActionMask = 2147483647;
			files = (
				009EA84215B878D200609EC2 /* InfoPlist.strings in Resources */,
				009EA84E15B878D200609EC2 /* ViewController_iPhone.xib in Resources */,
				009EA85115B878D200609EC2 /* ViewController_iPad.xib in Resources */,
				009EA86015B8803300609EC2 /* UserDetailsViewController_iPhone.xib in Resources */,
			);
			runOnlyForDeploymentPostprocessing = 0;
		};
/* End PBXResourcesBuildPhase section */

/* Begin PBXSourcesBuildPhase section */
		009EA82F15B878D200609EC2 /* Sources */ = {
			isa = PBXSourcesBuildPhase;
			buildActionMask = 2147483647;
			files = (
				009EA84415B878D200609EC2 /* main.m in Sources */,
				009EA84815B878D200609EC2 /* AppDelegate.m in Sources */,
				009EA84B15B878D200609EC2 /* ViewController.m in Sources */,
				009EA85F15B8803300609EC2 /* UserDetailsViewController.m in Sources */,
			);
			runOnlyForDeploymentPostprocessing = 0;
		};
/* End PBXSourcesBuildPhase section */

/* Begin PBXVariantGroup section */
		009EA84015B878D200609EC2 /* InfoPlist.strings */ = {
			isa = PBXVariantGroup;
			children = (
				009EA84115B878D200609EC2 /* en */,
			);
			name = InfoPlist.strings;
			sourceTree = "<group>";
		};
		009EA84C15B878D200609EC2 /* ViewController_iPhone.xib */ = {
			isa = PBXVariantGroup;
			children = (
				009EA84D15B878D200609EC2 /* en */,
			);
			name = ViewController_iPhone.xib;
			sourceTree = "<group>";
		};
		009EA84F15B878D200609EC2 /* ViewController_iPad.xib */ = {
			isa = PBXVariantGroup;
			children = (
				009EA85015B878D200609EC2 /* en */,
			);
			name = ViewController_iPad.xib;
			sourceTree = "<group>";
		};
/* End PBXVariantGroup section */

/* Begin XCBuildConfiguration section */
		009EA85215B878D200609EC2 /* Debug */ = {
			isa = XCBuildConfiguration;
			buildSettings = {
				ALWAYS_SEARCH_USER_PATHS = NO;
				ARCHS = "$(ARCHS_STANDARD_32_BIT)";
				CLANG_ENABLE_OBJC_ARC = YES;
				"CODE_SIGN_IDENTITY[sdk=iphoneos*]" = "iPhone Developer";
				COPY_PHASE_STRIP = NO;
				GCC_C_LANGUAGE_STANDARD = gnu99;
				GCC_DYNAMIC_NO_PIC = NO;
				GCC_OPTIMIZATION_LEVEL = 0;
				GCC_PREPROCESSOR_DEFINITIONS = (
					"DEBUG=1",
					"$(inherited)",
				);
				GCC_SYMBOLS_PRIVATE_EXTERN = NO;
				GCC_VERSION = com.apple.compilers.llvm.clang.1_0;
				GCC_WARN_ABOUT_RETURN_TYPE = YES;
				GCC_WARN_UNINITIALIZED_AUTOS = YES;
				GCC_WARN_UNUSED_VARIABLE = YES;
				IPHONEOS_DEPLOYMENT_TARGET = 5.1;
				SDKROOT = iphoneos;
				TARGETED_DEVICE_FAMILY = "1,2";
			};
			name = Debug;
		};
		009EA85315B878D200609EC2 /* Release */ = {
			isa = XCBuildConfiguration;
			buildSettings = {
				ALWAYS_SEARCH_USER_PATHS = NO;
				ARCHS = "$(ARCHS_STANDARD_32_BIT)";
				CLANG_ENABLE_OBJC_ARC = YES;
				"CODE_SIGN_IDENTITY[sdk=iphoneos*]" = "iPhone Developer";
				COPY_PHASE_STRIP = YES;
				GCC_C_LANGUAGE_STANDARD = gnu99;
				GCC_VERSION = com.apple.compilers.llvm.clang.1_0;
				GCC_WARN_ABOUT_RETURN_TYPE = YES;
				GCC_WARN_UNINITIALIZED_AUTOS = YES;
				GCC_WARN_UNUSED_VARIABLE = YES;
				IPHONEOS_DEPLOYMENT_TARGET = 5.1;
				OTHER_CFLAGS = "-DNS_BLOCK_ASSERTIONS=1";
				SDKROOT = iphoneos;
				TARGETED_DEVICE_FAMILY = "1,2";
				VALIDATE_PRODUCT = YES;
			};
			name = Release;
		};
		009EA85515B878D200609EC2 /* Debug */ = {
			isa = XCBuildConfiguration;
			buildSettings = {
				GCC_PRECOMPILE_PREFIX_HEADER = YES;
				GCC_PREFIX_HEADER = "DeathClock/DeathClock-Prefix.pch";
				INFOPLIST_FILE = "DeathClock/DeathClock-Info.plist";
				PRODUCT_NAME = "$(TARGET_NAME)";
				TARGETED_DEVICE_FAMILY = 1;
				WRAPPER_EXTENSION = app;
			};
			name = Debug;
		};
		009EA85615B878D200609EC2 /* Release */ = {
			isa = XCBuildConfiguration;
			buildSettings = {
				GCC_PRECOMPILE_PREFIX_HEADER = YES;
				GCC_PREFIX_HEADER = "DeathClock/DeathClock-Prefix.pch";
				INFOPLIST_FILE = "DeathClock/DeathClock-Info.plist";
				PRODUCT_NAME = "$(TARGET_NAME)";
				TARGETED_DEVICE_FAMILY = 1;
				WRAPPER_EXTENSION = app;
			};
			name = Release;
		};
/* End XCBuildConfiguration section */

/* Begin XCConfigurationList section */
		009EA82D15B878D100609EC2 /* Build configuration list for PBXProject "DeathClock" */ = {
			isa = XCConfigurationList;
			buildConfigurations = (
				009EA85215B878D200609EC2 /* Debug */,
				009EA85315B878D200609EC2 /* Release */,
			);
			defaultConfigurationIsVisible = 0;
			defaultConfigurationName = Release;
		};
		009EA85415B878D200609EC2 /* Build configuration list for PBXNativeTarget "DeathClock" */ = {
			isa = XCConfigurationList;
			buildConfigurations = (
				009EA85515B878D200609EC2 /* Debug */,
				009EA85615B878D200609EC2 /* Release */,
			);
			defaultConfigurationIsVisible = 0;
			defaultConfigurationName = Release;
		};
/* End XCConfigurationList section */
	};
	rootObject = 009EA82A15B878D100609EC2 /* Project object */;
}
